
Microsoft Visual Studio Solution File, Format Version 12.00
# Visual Studio Version 16
VisualStudioVersion = 16.0.30523.141
MinimumVisualStudioVersion = 10.0.40219.1
Project("{FAE04EC0-301F-11D3-BF4B-00C04F79EFBC}") = "BridgeCommandPlanner", "BridgeCommandPlanner\BridgeCommandPlanner.csproj", "{0240E348-9351-45BB-ABD1-DD440016D862}"
EndProject
Global
	GlobalSection(SolutionConfigurationPlatforms) = preSolution
		Debug|Any CPU = Debug|Any CPU
		Release|Any CPU = Release|Any CPU
	EndGlobalSection
	GlobalSection(ProjectConfigurationPlatforms) = postSolution
		{0240E348-9351-45BB-ABD1-DD440016D862}.Debug|Any CPU.ActiveCfg = Debug|Any CPU
		{0240E348-9351-45BB-ABD1-DD440016D862}.Debug|Any CPU.Build.0 = Debug|Any CPU
		{0240E348-9351-45BB-ABD1-DD440016D862}.Release|Any CPU.ActiveCfg = Release|Any CPU
		{0240E348-9351-45BB-ABD1-DD440016D862}.Release|Any CPU.Build.0 = Release|Any CPU
	EndGlobalSection
	GlobalSection(SolutionProperties) = preSolution
		HideSolutionNode = FALSE
	EndGlobalSection
	GlobalSection(ExtensibilityGlobals) = postSolution
		SolutionGuid = {F8FBE926-81F2-4539-B776-930CA666A119}
	EndGlobalSection
EndGlobal
